// !$*UTF8*$!
{
	archiveVersion = 1;
	classes = {
	};
	objectVersion = 50;
	objects = {

/* Begin PBXBuildFile section */
		75FF19D223E9BCDF00AE0CDC /* AppDelegate.swift in Sources */ = {isa = PBXBuildFile; fileRef = 75FF19D123E9BCDF00AE0CDC /* AppDelegate.swift */; };
		75FF19D423E9BCDF00AE0CDC /* SceneDelegate.swift in Sources */ = {isa = PBXBuildFile; fileRef = 75FF19D323E9BCDF00AE0CDC /* SceneDelegate.swift */; };
		75FF19D623E9BCDF00AE0CDC /* ViewController.swift in Sources */ = {isa = PBXBuildFile; fileRef = 75FF19D523E9BCDF00AE0CDC /* ViewController.swift */; };
		75FF19D923E9BCDF00AE0CDC /* Main.storyboard in Resources */ = {isa = PBXBuildFile; fileRef = 75FF19D723E9BCDF00AE0CDC /* Main.storyboard */; };
		75FF19DC23E9BCDF00AE0CDC /* Quizz.xcdatamodeld in Sources */ = {isa = PBXBuildFile; fileRef = 75FF19DA23E9BCDF00AE0CDC /* Quizz.xcdatamodeld */; };
		75FF19DE23E9BCE100AE0CDC /* Assets.xcassets in Resources */ = {isa = PBXBuildFile; fileRef = 75FF19DD23E9BCE100AE0CDC /* Assets.xcassets */; };
		75FF19E123E9BCE100AE0CDC /* LaunchScreen.storyboard in Resources */ = {isa = PBXBuildFile; fileRef = 75FF19DF23E9BCE100AE0CDC /* LaunchScreen.storyboard */; };
		75FF19E923EAEFC400AE0CDC /* Pergunta.swift in Sources */ = {isa = PBXBuildFile; fileRef = 75FF19E823EAEFC400AE0CDC /* Pergunta.swift */; };
		75FF19EE23EB033A00AE0CDC /* QuizBrain.swift in Sources */ = {isa = PBXBuildFile; fileRef = 75FF19ED23EB033A00AE0CDC /* QuizBrain.swift */; };
/* End PBXBuildFile section */

/* Begin PBXFileReference section */
		75FF19CE23E9BCDF00AE0CDC /* Quizz.app */ = {isa = PBXFileReference; explicitFileType = wrapper.application; includeInIndex = 0; path = Quizz.app; sourceTree = BUILT_PRODUCTS_DIR; };
		75FF19D123E9BCDF00AE0CDC /* AppDelegate.swift */ = {isa = PBXFileReference; lastKnownFileType = sourcecode.swift; path = AppDelegate.swift; sourceTree = "<group>"; };
		75FF19D323E9BCDF00AE0CDC /* SceneDelegate.swift */ = {isa = PBXFileReference; lastKnownFileType = sourcecode.swift; path = SceneDelegate.swift; sourceTree = "<group>"; };
		75FF19D523E9BCDF00AE0CDC /* ViewController.swift */ = {isa = PBXFileReference; lastKnownFileType = sourcecode.swift; path = ViewController.swift; sourceTree = "<group>"; };
		75FF19D823E9BCDF00AE0CDC /* Base */ = {isa = PBXFileReference; lastKnownFileType = file.storyboard; name = Base; path = Base.lproj/Main.storyboard; sourceTree = "<group>"; };
		75FF19DB23E9BCDF00AE0CDC /* Quizz.xcdatamodel */ = {isa = PBXFileReference; lastKnownFileType = wrapper.xcdatamodel; path = Quizz.xcdatamodel; sourceTree = "<group>"; };
		75FF19DD23E9BCE100AE0CDC /* Assets.xcassets */ = {isa = PBXFileReference; lastKnownFileType = folder.assetcatalog; path = Assets.xcassets; sourceTree = "<group>"; };
		75FF19E023E9BCE100AE0CDC /* Base */ = {isa = PBXFileReference; lastKnownFileType = file.storyboard; name = Base; path = Base.lproj/LaunchScreen.storyboard; sourceTree = "<group>"; };
		75FF19E223E9BCE100AE0CDC /* Info.plist */ = {isa = PBXFileReference; lastKnownFileType = text.plist.xml; path = Info.plist; sourceTree = "<group>"; };
		75FF19E823EAEFC400AE0CDC /* Pergunta.swift */ = {isa = PBXFileReference; lastKnownFileType = sourcecode.swift; path = Pergunta.swift; sourceTree = "<group>"; };
		75FF19ED23EB033A00AE0CDC /* QuizBrain.swift */ = {isa = PBXFileReference; lastKnownFileType = sourcecode.swift; path = QuizBrain.swift; sourceTree = "<group>"; };
/* End PBXFileReference section */

/* Begin PBXFrameworksBuildPhase section */
		75FF19CB23E9BCDF00AE0CDC /* Frameworks */ = {
			isa = PBXFrameworksBuildPhase;
			buildActionMask = 2147483647;
			files = (
			);
			runOnlyForDeploymentPostprocessing = 0;
		};
/* End PBXFrameworksBuildPhase section */

/* Begin PBXGroup section */
		75FF19C523E9BCDF00AE0CDC = {
			isa = PBXGroup;
			children = (
				75FF19D023E9BCDF00AE0CDC /* Quizz */,
				75FF19CF23E9BCDF00AE0CDC /* Products */,
			);
			sourceTree = "<group>";
		};
		75FF19CF23E9BCDF00AE0CDC /* Products */ = {
			isa = PBXGroup;
			children = (
				75FF19CE23E9BCDF00AE0CDC /* Quizz.app */,
			);
			name = Products;
			sourceTree = "<group>";
		};
		75FF19D023E9BCDF00AE0CDC /* Quizz */ = {
			isa = PBXGroup;
			children = (
				75FF19D123E9BCDF00AE0CDC /* AppDelegate.swift */,
				75FF19D323E9BCDF00AE0CDC /* SceneDelegate.swift */,
				75FF19EC23EB02B900AE0CDC /* Controller */,
				75FF19EA23EB027300AE0CDC /* Model */,
				75FF19EB23EB029F00AE0CDC /* View */,
				75FF19DD23E9BCE100AE0CDC /* Assets.xcassets */,
				75FF19DF23E9BCE100AE0CDC /* LaunchScreen.storyboard */,
				75FF19E223E9BCE100AE0CDC /* Info.plist */,
				75FF19DA23E9BCDF00AE0CDC /* Quizz.xcdatamodeld */,
			);
			path = Quizz;
			sourceTree = "<group>";
		};
		75FF19EA23EB027300AE0CDC /* Model */ = {
			isa = PBXGroup;
			children = (
				75FF19E823EAEFC400AE0CDC /* Pergunta.swift */,
				75FF19ED23EB033A00AE0CDC /* QuizBrain.swift */,
			);
			path = Model;
			sourceTree = "<group>";
		};
		75FF19EB23EB029F00AE0CDC /* View */ = {
			isa = PBXGroup;
			children = (
				75FF19D723E9BCDF00AE0CDC /* Main.storyboard */,
			);
			path = View;
			sourceTree = "<group>";
		};
		75FF19EC23EB02B900AE0CDC /* Controller */ = {
			isa = PBXGroup;
			children = (
				75FF19D523E9BCDF00AE0CDC /* ViewController.swift */,
			);
			path = Controller;
			sourceTree = "<group>";
		};
/* End PBXGroup section */

/* Begin PBXNativeTarget section */
		75FF19CD23E9BCDF00AE0CDC /* Quizz */ = {
			isa = PBXNativeTarget;
			buildConfigurationList = 75FF19E523E9BCE100AE0CDC /* Build configuration list for PBXNativeTarget "Quizz" */;
			buildPhases = (
				75FF19CA23E9BCDF00AE0CDC /* Sources */,
				75FF19CB23E9BCDF00AE0CDC /* Frameworks */,
				75FF19CC23E9BCDF00AE0CDC /* Resources */,
			);
			buildRules = (
			);
			dependencies = (
			);
			name = Quizz;
			productName = Quizz;
			productReference = 75FF19CE23E9BCDF00AE0CDC /* Quizz.app */;
			productType = "com.apple.product-type.application";
		};
/* End PBXNativeTarget section */

/* Begin PBXProject section */
		75FF19C623E9BCDF00AE0CDC /* Project object */ = {
			isa = PBXProject;
			attributes = {
				LastSwiftUpdateCheck = 1130;
				LastUpgradeCheck = 1130;
				ORGANIZATIONNAME = "Catia Miranda de Souza";
				TargetAttributes = {
					75FF19CD23E9BCDF00AE0CDC = {
						CreatedOnToolsVersion = 11.3.1;
					};
				};
			};
			buildConfigurationList = 75FF19C923E9BCDF00AE0CDC /* Build configuration list for PBXProject "Quizz" */;
			compatibilityVersion = "Xcode 9.3";
			developmentRegion = en;
			hasScannedForEncodings = 0;
			knownRegions = (
				en,
				Base,
			);
			mainGroup = 75FF19C523E9BCDF00AE0CDC;
			productRefGroup = 75FF19CF23E9BCDF00AE0CDC /* Products */;
			projectDirPath = "";
			projectRoot = "";
			targets = (
				75FF19CD23E9BCDF00AE0CDC /* Quizz */,
			);
		};
/* End PBXProject section */

/* Begin PBXResourcesBuildPhase section */
		75FF19CC23E9BCDF00AE0CDC /* Resources */ = {
			isa = PBXResourcesBuildPhase;
			buildActionMask = 2147483647;
			files = (
				75FF19E123E9BCE100AE0CDC /* LaunchScreen.storyboard in Resources */,
				75FF19DE23E9BCE100AE0CDC /* Assets.xcassets in Resources */,
				75FF19D923E9BCDF00AE0CDC /* Main.storyboard in Resources */,
			);
			runOnlyForDeploymentPostprocessing = 0;
		};
/* End PBXResourcesBuildPhase section */

/* Begin PBXSourcesBuildPhase section */
		75FF19CA23E9BCDF00AE0CDC /* Sources */ = {
			isa = PBXSourcesBuildPhase;
			buildActionMask = 2147483647;
			files = (
				75FF19D623E9BCDF00AE0CDC /* ViewController.swift in Sources */,
				75FF19DC23E9BCDF00AE0CDC /* Quizz.xcdatamodeld in Sources */,
				75FF19D223E9BCDF00AE0CDC /* AppDelegate.swift in Sources */,
				75FF19EE23EB033A00AE0CDC /* QuizBrain.swift in Sources */,
				75FF19D423E9BCDF00AE0CDC /* SceneDelegate.swift in Sources */,
				75FF19E923EAEFC400AE0CDC /* Pergunta.swift in Sources */,
			);
			runOnlyForDeploymentPostprocessing = 0;
		};
/* End PBXSourcesBuildPhase section */

/* Begin PBXVariantGroup section */
		75FF19D723E9BCDF00AE0CDC /* Main.storyboard */ = {
			isa = PBXVariantGroup;
			children = (
				75FF19D823E9BCDF00AE0CDC /* Base */,
			);
			name = Main.storyboard;
			sourceTree = "<group>";
		};
		75FF19DF23E9BCE100AE0CDC /* LaunchScreen.storyboard */ = {
			isa = PBXVariantGroup;
			children = (
				75FF19E023E9BCE100AE0CDC /* Base */,
			);
			name = LaunchScreen.storyboard;
			sourceTree = "<group>";
		};
/* End PBXVariantGroup section */

/* Begin XCBuildConfiguration section */
		75FF19E323E9BCE100AE0CDC /* Debug */ = {
			isa = XCBuildConfiguration;
			buildSettings = {
				ALWAYS_SEARCH_USER_PATHS = NO;
				CLANG_ANALYZER_NONNULL = YES;
				CLANG_ANALYZER_NUMBER_OBJECT_CONVERSION = YES_AGGRESSIVE;
				CLANG_CXX_LANGUAGE_STANDARD = "gnu++14";
				CLANG_CXX_LIBRARY = "libc++";
				CLANG_ENABLE_MODULES = YES;
				CLANG_ENABLE_OBJC_ARC = YES;
				CLANG_ENABLE_OBJC_WEAK = YES;
				CLANG_WARN_BLOCK_CAPTURE_AUTORELEASING = YES;
				CLANG_WARN_BOOL_CONVERSION = YES;
				CLANG_WARN_COMMA = YES;
				CLANG_WARN_CONSTANT_CONVERSION = YES;
				CLANG_WARN_DEPRECATED_OBJC_IMPLEMENTATIONS = YES;
				CLANG_WARN_DIRECT_OBJC_ISA_USAGE = YES_ERROR;
				CLANG_WARN_DOCUMENTATION_COMMENTS = YES;
				CLANG_WARN_EMPTY_BODY = YES;
				CLANG_WARN_ENUM_CONVERSION = YES;
				CLANG_WARN_INFINITE_RECURSION = YES;
				CLANG_WARN_INT_CONVERSION = YES;
				CLANG_WARN_NON_LITERAL_NULL_CONVERSION = YES;
				CLANG_WARN_OBJC_IMPLICIT_RETAIN_SELF = YES;
				CLANG_WARN_OBJC_LITERAL_CONVERSION = YES;
				CLANG_WARN_OBJC_ROOT_CLASS = YES_ERROR;
				CLANG_WARN_RANGE_LOOP_ANALYSIS = YES;
				CLANG_WARN_STRICT_PROTOTYPES = YES;
				CLANG_WARN_SUSPICIOUS_MOVE = YES;
				CLANG_WARN_UNGUARDED_AVAILABILITY = YES_AGGRESSIVE;
				CLANG_WARN_UNREACHABLE_CODE = YES;
				CLANG_WARN__DUPLICATE_METHOD_MATCH = YES;
				COPY_PHASE_STRIP = NO;
				DEBUG_INFORMATION_FORMAT = dwarf;
				ENABLE_STRICT_OBJC_MSGSEND = YES;
				ENABLE_TESTABILITY = YES;
				GCC_C_LANGUAGE_STANDARD = gnu11;
				GCC_DYNAMIC_NO_PIC = NO;
				GCC_NO_COMMON_BLOCKS = YES;
				GCC_OPTIMIZATION_LEVEL = 0;
				GCC_PREPROCESSOR_DEFINITIONS = (
					"DEBUG=1",
					"$(inherited)",
				);
				GCC_WARN_64_TO_32_BIT_CONVERSION = YES;
				GCC_WARN_ABOUT_RETURN_TYPE = YES_ERROR;
				GCC_WARN_UNDECLARED_SELECTOR = YES;
				GCC_WARN_UNINITIALIZED_AUTOS = YES_AGGRESSIVE;
				GCC_WARN_UNUSED_FUNCTION = YES;
				GCC_WARN_UNUSED_VARIABLE = YES;
				IPHONEOS_DEPLOYMENT_TARGET = 13.2;
				MTL_ENABLE_DEBUG_INFO = INCLUDE_SOURCE;
				MTL_FAST_MATH = YES;
				ONLY_ACTIVE_ARCH = YES;
				SDKROOT = iphoneos;
				SWIFT_ACTIVE_COMPILATION_CONDITIONS = DEBUG;
				SWIFT_OPTIMIZATION_LEVEL = "-Onone";
			};
			name = Debug;
		};
		75FF19E423E9BCE100AE0CDC /* Release */ = {
			isa = XCBuildConfiguration;
			buildSettings = {
				ALWAYS_SEARCH_USER_PATHS = NO;
				CLANG_ANALYZER_NONNULL = YES;
				CLANG_ANALYZER_NUMBER_OBJECT_CONVERSION = YES_AGGRESSIVE;
				CLANG_CXX_LANGUAGE_STANDARD = "gnu++14";
				CLANG_CXX_LIBRARY = "libc++";
				CLANG_ENABLE_MODULES = YES;
				CLANG_ENABLE_OBJC_ARC = YES;
				CLANG_ENABLE_OBJC_WEAK = YES;
				CLANG_WARN_BLOCK_CAPTURE_AUTORELEASING = YES;
				CLANG_WARN_BOOL_CONVERSION = YES;
				CLANG_WARN_COMMA = YES;
				CLANG_WARN_CONSTANT_CONVERSION = YES;
				CLANG_WARN_DEPRECATED_OBJC_IMPLEMENTATIONS = YES;
				CLANG_WARN_DIRECT_OBJC_ISA_USAGE = YES_ERROR;
				CLANG_WARN_DOCUMENTATION_COMMENTS = YES;
				CLANG_WARN_EMPTY_BODY = YES;
				CLANG_WARN_ENUM_CONVERSION = YES;
				CLANG_WARN_INFINITE_RECURSION = YES;
				CLANG_WARN_INT_CONVERSION = YES;
				CLANG_WARN_NON_LITERAL_NULL_CONVERSION = YES;
				CLANG_WARN_OBJC_IMPLICIT_RETAIN_SELF = YES;
				CLANG_WARN_OBJC_LITERAL_CONVERSION = YES;
				CLANG_WARN_OBJC_ROOT_CLASS = YES_ERROR;
				CLANG_WARN_RANGE_LOOP_ANALYSIS = YES;
				CLANG_WARN_STRICT_PROTOTYPES = YES;
				CLANG_WARN_SUSPICIOUS_MOVE = YES;
				CLANG_WARN_UNGUARDED_AVAILABILITY = YES_AGGRESSIVE;
				CLANG_WARN_UNREACHABLE_CODE = YES;
				CLANG_WARN__DUPLICATE_METHOD_MATCH = YES;
				COPY_PHASE_STRIP = NO;
				DEBUG_INFORMATION_FORMAT = "dwarf-with-dsym";
				ENABLE_NS_ASSERTIONS = NO;
				ENABLE_STRICT_OBJC_MSGSEND = YES;
				GCC_C_LANGUAGE_STANDARD = gnu11;
				GCC_NO_COMMON_BLOCKS = YES;
				GCC_WARN_64_TO_32_BIT_CONVERSION = YES;
				GCC_WARN_ABOUT_RETURN_TYPE = YES_ERROR;
				GCC_WARN_UNDECLARED_SELECTOR = YES;
				GCC_WARN_UNINITIALIZED_AUTOS = YES_AGGRESSIVE;
				GCC_WARN_UNUSED_FUNCTION = YES;
				GCC_WARN_UNUSED_VARIABLE = YES;
				IPHONEOS_DEPLOYMENT_TARGET = 13.2;
				MTL_ENABLE_DEBUG_INFO = NO;
				MTL_FAST_MATH = YES;
				SDKROOT = iphoneos;
				SWIFT_COMPILATION_MODE = wholemodule;
				SWIFT_OPTIMIZATION_LEVEL = "-O";
				VALIDATE_PRODUCT = YES;
			};
			name = Release;
		};
		75FF19E623E9BCE100AE0CDC /* Debug */ = {
			isa = XCBuildConfiguration;
			buildSettings = {
				ASSETCATALOG_COMPILER_APPICON_NAME = AppIcon;
				CODE_SIGN_STYLE = Automatic;
				DEVELOPMENT_TEAM = AS994HB957;
				INFOPLIST_FILE = Quizz/Info.plist;
				LD_RUNPATH_SEARCH_PATHS = (
					"$(inherited)",
					"@executable_path/Frameworks",
				);
				PRODUCT_BUNDLE_IDENTIFIER = com.catiasouza.Quizz;
				PRODUCT_NAME = "$(TARGET_NAME)";
				SWIFT_VERSION = 5.0;
				TARGETED_DEVICE_FAMILY = "1,2";
			};
			name = Debug;
		};
		75FF19E723E9BCE100AE0CDC /* Release */ = {
			isa = XCBuildConfiguration;
			buildSettings = {
				ASSETCATALOG_COMPILER_APPICON_NAME = AppIcon;
				CODE_SIGN_STYLE = Automatic;
				DEVELOPMENT_TEAM = AS994HB957;
				INFOPLIST_FILE = Quizz/Info.plist;
				LD_RUNPATH_SEARCH_PATHS = (
					"$(inherited)",
					"@executable_path/Frameworks",
				);
				PRODUCT_BUNDLE_IDENTIFIER = com.catiasouza.Quizz;
				PRODUCT_NAME = "$(TARGET_NAME)";
				SWIFT_VERSION = 5.0;
				TARGETED_DEVICE_FAMILY = "1,2";
			};
			name = Release;
		};
/* End XCBuildConfiguration section */

/* Begin XCConfigurationList section */
		75FF19C923E9BCDF00AE0CDC /* Build configuration list for PBXProject "Quizz" */ = {
			isa = XCConfigurationList;
			buildConfigurations = (
				75FF19E323E9BCE100AE0CDC /* Debug */,
				75FF19E423E9BCE100AE0CDC /* Release */,
			);
			defaultConfigurationIsVisible = 0;
			defaultConfigurationName = Release;
		};
		75FF19E523E9BCE100AE0CDC /* Build configuration list for PBXNativeTarget "Quizz" */ = {
			isa = XCConfigurationList;
			buildConfigurations = (
				75FF19E623E9BCE100AE0CDC /* Debug */,
				75FF19E723E9BCE100AE0CDC /* Release */,
			);
			defaultConfigurationIsVisible = 0;
			defaultConfigurationName = Release;
		};
/* End XCConfigurationList section */

/* Begin XCVersionGroup section */
		75FF19DA23E9BCDF00AE0CDC /* Quizz.xcdatamodeld */ = {
			isa = XCVersionGroup;
			children = (
				75FF19DB23E9BCDF00AE0CDC /* Quizz.xcdatamodel */,
			);
			currentVersion = 75FF19DB23E9BCDF00AE0CDC /* Quizz.xcdatamodel */;
			path = Quizz.xcdatamodeld;
			sourceTree = "<group>";
			versionGroupType = wrapper.xcdatamodel;
		};
/* End XCVersionGroup section */
	};
	rootObject = 75FF19C623E9BCDF00AE0CDC /* Project object */;
}
